
Microsoft Visual Studio Solution File, Format Version 12.00
# Visual Studio Version 17
VisualStudioVersion = 17.14.37502.11 d17.14
MinimumVisualStudioVersion = 10.0.40219.1
Project("{FAE04EC0-301F-11D3-BF4B-00C04F79EFBC}") = "Istatistik", "Istatistik\Istatistik.csproj", "{411FA4D4-7F1F-405C-9973-159B7E734D18}"
EndProject
Global
	GlobalSection(SolutionConfigurationPlatforms) = preSolution
		Debug|Any CPU = Debug|Any CPU
		Release|Any CPU = Release|Any CPU
	EndGlobalSection
	GlobalSection(ProjectConfigurationPlatforms) = postSolution
		{411FA4D4-7F1F-405C-9973-159B7E734D18}.Debug|Any CPU.ActiveCfg = Debug|Any CPU
		{411FA4D4-7F1F-405C-9973-159B7E734D18}.Debug|Any CPU.Build.0 = Debug|Any CPU
		{411FA4D4-7F1F-405C-9973-159B7E734D18}.Release|Any CPU.ActiveCfg = Release|Any CPU
		{411FA4D4-7F1F-405C-9973-159B7E734D18}.Release|Any CPU.Build.0 = Release|Any CPU
	EndGlobalSection
	GlobalSection(SolutionProperties) = preSolution
		HideSolutionNode = FALSE
	EndGlobalSection
	GlobalSection(ExtensibilityGlobals) = postSolution
		SolutionGuid = {85CA8B80-673E-41F3-A827-2FB41347D064}
	EndGlobalSection
EndGlobal
